// !$*UTF8*$!
{
	archiveVersion = 1;
	classes = {
	};
	objectVersion = 46;
	objects = {

/* Begin PBXBuildFile section */
		2B1AC005185E81490065CD8B /* Foundation.framework in Frameworks */ = {isa = PBXBuildFile; fileRef = 2B1AC004185E81490065CD8B /* Foundation.framework */; };
		2B1AC007185E81490065CD8B /* CoreGraphics.framework in Frameworks */ = {isa = PBXBuildFile; fileRef = 2B1AC006185E81490065CD8B /* CoreGraphics.framework */; };
		2B1AC009185E81490065CD8B /* UIKit.framework in Frameworks */ = {isa = PBXBuildFile; fileRef = 2B1AC008185E81490065CD8B /* UIKit.framework */; };
		2B1AC00F185E81490065CD8B /* InfoPlist.strings in Resources */ = {isa = PBXBuildFile; fileRef = 2B1AC00D185E81490065CD8B /* InfoPlist.strings */; };
		2B1AC011185E81490065CD8B /* main.m in Sources */ = {isa = PBXBuildFile; fileRef = 2B1AC010185E81490065CD8B /* main.m */; };
		2B1AC015185E81490065CD8B /* AppDelegate.m in Sources */ = {isa = PBXBuildFile; fileRef = 2B1AC014185E81490065CD8B /* AppDelegate.m */; };
		2B1AC017185E81490065CD8B /* Images.xcassets in Resources */ = {isa = PBXBuildFile; fileRef = 2B1AC016185E81490065CD8B /* Images.xcassets */; };
		2B1AC01E185E81490065CD8B /* XCTest.framework in Frameworks */ = {isa = PBXBuildFile; fileRef = 2B1AC01D185E81490065CD8B /* XCTest.framework */; };
		2B1AC01F185E81490065CD8B /* Foundation.framework in Frameworks */ = {isa = PBXBuildFile; fileRef = 2B1AC004185E81490065CD8B /* Foundation.framework */; };
		2B1AC020185E81490065CD8B /* UIKit.framework in Frameworks */ = {isa = PBXBuildFile; fileRef = 2B1AC008185E81490065CD8B /* UIKit.framework */; };
		2B1AC028185E81490065CD8B /* InfoPlist.strings in Resources */ = {isa = PBXBuildFile; fileRef = 2B1AC026185E81490065CD8B /* InfoPlist.strings */; };
		2B1AC02A185E81490065CD8B /* TSNetworkingTests.m in Sources */ = {isa = PBXBuildFile; fileRef = 2B1AC029185E81490065CD8B /* TSNetworkingTests.m */; };
		2B58463C185FC4D100E1C028 /* NSError+Factory.m in Sources */ = {isa = PBXBuildFile; fileRef = 2B58463B185FC4D100E1C028 /* NSError+Factory.m */; };
		2B5E19A7185EB3FB005294DC /* Base64.m in Sources */ = {isa = PBXBuildFile; fileRef = 2B5E19A6185EB3FB005294DC /* Base64.m */; };
		2BA2A38B1863B62200C0964C /* Storyboard.storyboard in Resources */ = {isa = PBXBuildFile; fileRef = 2BA2A38A1863B62200C0964C /* Storyboard.storyboard */; };
		2BA2A38E1863B66A00C0964C /* ViewController.m in Sources */ = {isa = PBXBuildFile; fileRef = 2BA2A38D1863B66A00C0964C /* ViewController.m */; };
		4B2BCFAB1894C91C0063D64D /* TSNetworking.m in Sources */ = {isa = PBXBuildFile; fileRef = 2B1AC038185E83110065CD8B /* TSNetworking.m */; };
		E85A351CD92042E3A0D7ADF7 /* libPods.a in Frameworks */ = {isa = PBXBuildFile; fileRef = 62349FA5419243DD807D6909 /* libPods.a */; };
		F3C9B300090A4FB79469535F /* libPods.a in Frameworks */ = {isa = PBXBuildFile; fileRef = 62349FA5419243DD807D6909 /* libPods.a */; };
/* End PBXBuildFile section */

/* Begin PBXContainerItemProxy section */
		2B1AC021185E81490065CD8B /* PBXContainerItemProxy */ = {
			isa = PBXContainerItemProxy;
			containerPortal = 2B1ABFF9185E81490065CD8B /* Project object */;
			proxyType = 1;
			remoteGlobalIDString = 2B1AC000185E81490065CD8B;
			remoteInfo = TSNetworking;
		};
/* End PBXContainerItemProxy section */

/* Begin PBXFileReference section */
		2B1AC001185E81490065CD8B /* TSNetworking.app */ = {isa = PBXFileReference; explicitFileType = wrapper.application; includeInIndex = 0; path = TSNetworking.app; sourceTree = BUILT_PRODUCTS_DIR; };
		2B1AC004185E81490065CD8B /* Foundation.framework */ = {isa = PBXFileReference; lastKnownFileType = wrapper.framework; name = Foundation.framework; path = System/Library/Frameworks/Foundation.framework; sourceTree = SDKROOT; };
		2B1AC006185E81490065CD8B /* CoreGraphics.framework */ = {isa = PBXFileReference; lastKnownFileType = wrapper.framework; name = CoreGraphics.framework; path = System/Library/Frameworks/CoreGraphics.framework; sourceTree = SDKROOT; };
		2B1AC008185E81490065CD8B /* UIKit.framework */ = {isa = PBXFileReference; lastKnownFileType = wrapper.framework; name = UIKit.framework; path = System/Library/Frameworks/UIKit.framework; sourceTree = SDKROOT; };
		2B1AC00C185E81490065CD8B /* TSNetworking-Info.plist */ = {isa = PBXFileReference; lastKnownFileType = text.plist.xml; path = "TSNetworking-Info.plist"; sourceTree = "<group>"; };
		2B1AC00E185E81490065CD8B /* en */ = {isa = PBXFileReference; lastKnownFileType = text.plist.strings; name = en; path = en.lproj/InfoPlist.strings; sourceTree = "<group>"; };
		2B1AC010185E81490065CD8B /* main.m */ = {isa = PBXFileReference; lastKnownFileType = sourcecode.c.objc; path = main.m; sourceTree = "<group>"; };
		2B1AC012185E81490065CD8B /* TSNetworking-Prefix.pch */ = {isa = PBXFileReference; lastKnownFileType = sourcecode.c.h; path = "TSNetworking-Prefix.pch"; sourceTree = "<group>"; };
		2B1AC013185E81490065CD8B /* AppDelegate.h */ = {isa = PBXFileReference; lastKnownFileType = sourcecode.c.h; path = AppDelegate.h; sourceTree = "<group>"; };
		2B1AC014185E81490065CD8B /* AppDelegate.m */ = {isa = PBXFileReference; lastKnownFileType = sourcecode.c.objc; path = AppDelegate.m; sourceTree = "<group>"; };
		2B1AC016185E81490065CD8B /* Images.xcassets */ = {isa = PBXFileReference; lastKnownFileType = folder.assetcatalog; path = Images.xcassets; sourceTree = "<group>"; };
		2B1AC01C185E81490065CD8B /* TSNetworkingTests.xctest */ = {isa = PBXFileReference; explicitFileType = wrapper.cfbundle; includeInIndex = 0; path = TSNetworkingTests.xctest; sourceTree = BUILT_PRODUCTS_DIR; };
		2B1AC01D185E81490065CD8B /* XCTest.framework */ = {isa = PBXFileReference; lastKnownFileType = wrapper.framework; name = XCTest.framework; path = Library/Frameworks/XCTest.framework; sourceTree = DEVELOPER_DIR; };
		2B1AC025185E81490065CD8B /* TSNetworkingTests-Info.plist */ = {isa = PBXFileReference; lastKnownFileType = text.plist.xml; path = "TSNetworkingTests-Info.plist"; sourceTree = "<group>"; };
		2B1AC027185E81490065CD8B /* en */ = {isa = PBXFileReference; lastKnownFileType = text.plist.strings; name = en; path = en.lproj/InfoPlist.strings; sourceTree = "<group>"; };
		2B1AC029185E81490065CD8B /* TSNetworkingTests.m */ = {isa = PBXFileReference; lastKnownFileType = sourcecode.c.objc; path = TSNetworkingTests.m; sourceTree = "<group>"; };
		2B1AC037185E83110065CD8B /* TSNetworking.h */ = {isa = PBXFileReference; fileEncoding = 4; lastKnownFileType = sourcecode.c.h; path = TSNetworking.h; sourceTree = "<group>"; };
		2B1AC038185E83110065CD8B /* TSNetworking.m */ = {isa = PBXFileReference; fileEncoding = 4; lastKnownFileType = sourcecode.c.objc; path = TSNetworking.m; sourceTree = "<group>"; };
		2B58463A185FC4D100E1C028 /* NSError+Factory.h */ = {isa = PBXFileReference; fileEncoding = 4; lastKnownFileType = sourcecode.c.h; path = "NSError+Factory.h"; sourceTree = "<group>"; };
		2B58463B185FC4D100E1C028 /* NSError+Factory.m */ = {isa = PBXFileReference; fileEncoding = 4; lastKnownFileType = sourcecode.c.objc; path = "NSError+Factory.m"; sourceTree = "<group>"; };
		2B5E19A5185EB3FB005294DC /* Base64.h */ = {isa = PBXFileReference; fileEncoding = 4; lastKnownFileType = sourcecode.c.h; path = Base64.h; sourceTree = "<group>"; };
		2B5E19A6185EB3FB005294DC /* Base64.m */ = {isa = PBXFileReference; fileEncoding = 4; lastKnownFileType = sourcecode.c.objc; path = Base64.m; sourceTree = "<group>"; };
		2BA2A38A1863B62200C0964C /* Storyboard.storyboard */ = {isa = PBXFileReference; fileEncoding = 4; lastKnownFileType = file.storyboard; path = Storyboard.storyboard; sourceTree = "<group>"; };
		2BA2A38C1863B66A00C0964C /* ViewController.h */ = {isa = PBXFileReference; fileEncoding = 4; lastKnownFileType = sourcecode.c.h; path = ViewController.h; sourceTree = "<group>"; };
		2BA2A38D1863B66A00C0964C /* ViewController.m */ = {isa = PBXFileReference; fileEncoding = 4; lastKnownFileType = sourcecode.c.objc; path = ViewController.m; sourceTree = "<group>"; };
		4B2BCFA81894C85D0063D64D /* TSNetworking.podspec */ = {isa = PBXFileReference; explicitFileType = text.script.ruby; path = TSNetworking.podspec; sourceTree = "<group>"; };
		4B2BCFA91894C85D0063D64D /* README.md */ = {isa = PBXFileReference; lastKnownFileType = text; path = README.md; sourceTree = "<group>"; };
		4B2BCFAA1894C8760063D64D /* Podfile */ = {isa = PBXFileReference; lastKnownFileType = text; path = Podfile; sourceTree = "<group>"; };
		5C1637F33D5A4F16AB988B81 /* libPods.a */ = {isa = PBXFileReference; explicitFileType = archive.ar; includeInIndex = 0; path = libPods.a; sourceTree = BUILT_PRODUCTS_DIR; };
		62349FA5419243DD807D6909 /* libPods.a */ = {isa = PBXFileReference; explicitFileType = archive.ar; includeInIndex = 0; path = libPods.a; sourceTree = BUILT_PRODUCTS_DIR; };
		D040982A3ECC4623B3431AEE /* Pods.xcconfig */ = {isa = PBXFileReference; includeInIndex = 1; lastKnownFileType = text.xcconfig; name = Pods.xcconfig; path = Pods/Pods.xcconfig; sourceTree = SOURCE_ROOT; };
/* End PBXFileReference section */

/* Begin PBXFrameworksBuildPhase section */
		2B1ABFFE185E81490065CD8B /* Frameworks */ = {
			isa = PBXFrameworksBuildPhase;
			buildActionMask = 2147483647;
			files = (
				2B1AC007185E81490065CD8B /* CoreGraphics.framework in Frameworks */,
				2B1AC009185E81490065CD8B /* UIKit.framework in Frameworks */,
				2B1AC005185E81490065CD8B /* Foundation.framework in Frameworks */,
				E85A351CD92042E3A0D7ADF7 /* libPods.a in Frameworks */,
			);
			runOnlyForDeploymentPostprocessing = 0;
		};
		2B1AC019185E81490065CD8B /* Frameworks */ = {
			isa = PBXFrameworksBuildPhase;
			buildActionMask = 2147483647;
			files = (
				2B1AC01E185E81490065CD8B /* XCTest.framework in Frameworks */,
				2B1AC020185E81490065CD8B /* UIKit.framework in Frameworks */,
				2B1AC01F185E81490065CD8B /* Foundation.framework in Frameworks */,
				F3C9B300090A4FB79469535F /* libPods.a in Frameworks */,
			);
			runOnlyForDeploymentPostprocessing = 0;
		};
/* End PBXFrameworksBuildPhase section */

/* Begin PBXGroup section */
		2B1ABFF8185E81490065CD8B = {
			isa = PBXGroup;
			children = (
				4B2BCFA91894C85D0063D64D /* README.md */,
				2B1AC00A185E81490065CD8B /* TSNetworking */,
				2B1AC023185E81490065CD8B /* TSNetworkingTests */,
				2B1AC003185E81490065CD8B /* Frameworks */,
				2B1AC002185E81490065CD8B /* Products */,
				4B2BCFA81894C85D0063D64D /* TSNetworking.podspec */,
				4B2BCFAA1894C8760063D64D /* Podfile */,
				D040982A3ECC4623B3431AEE /* Pods.xcconfig */,
			);
			sourceTree = "<group>";
		};
		2B1AC002185E81490065CD8B /* Products */ = {
			isa = PBXGroup;
			children = (
				2B1AC001185E81490065CD8B /* TSNetworking.app */,
				2B1AC01C185E81490065CD8B /* TSNetworkingTests.xctest */,
			);
			name = Products;
			sourceTree = "<group>";
		};
		2B1AC003185E81490065CD8B /* Frameworks */ = {
			isa = PBXGroup;
			children = (
				2B1AC004185E81490065CD8B /* Foundation.framework */,
				2B1AC006185E81490065CD8B /* CoreGraphics.framework */,
				2B1AC008185E81490065CD8B /* UIKit.framework */,
				2B1AC01D185E81490065CD8B /* XCTest.framework */,
				62349FA5419243DD807D6909 /* libPods.a */,
				5C1637F33D5A4F16AB988B81 /* libPods.a */,
			);
			name = Frameworks;
			sourceTree = "<group>";
		};
		2B1AC00A185E81490065CD8B /* TSNetworking */ = {
			isa = PBXGroup;
			children = (
				2B1AC033185E817F0065CD8B /* TSNetworking */,
				2B1AC013185E81490065CD8B /* AppDelegate.h */,
				2B1AC014185E81490065CD8B /* AppDelegate.m */,
				2B1AC016185E81490065CD8B /* Images.xcassets */,
				2B1AC00B185E81490065CD8B /* Supporting Files */,
				2BA2A38A1863B62200C0964C /* Storyboard.storyboard */,
				2BA2A38C1863B66A00C0964C /* ViewController.h */,
				2BA2A38D1863B66A00C0964C /* ViewController.m */,
			);
			path = TSNetworking;
			sourceTree = "<group>";
		};
		2B1AC00B185E81490065CD8B /* Supporting Files */ = {
			isa = PBXGroup;
			children = (
				2B1AC00C185E81490065CD8B /* TSNetworking-Info.plist */,
				2B1AC00D185E81490065CD8B /* InfoPlist.strings */,
				2B1AC010185E81490065CD8B /* main.m */,
				2B1AC012185E81490065CD8B /* TSNetworking-Prefix.pch */,
			);
			name = "Supporting Files";
			sourceTree = "<group>";
		};
		2B1AC023185E81490065CD8B /* TSNetworkingTests */ = {
			isa = PBXGroup;
			children = (
				2B1AC029185E81490065CD8B /* TSNetworkingTests.m */,
				2B1AC024185E81490065CD8B /* Supporting Files */,
			);
			path = TSNetworkingTests;
			sourceTree = "<group>";
		};
		2B1AC024185E81490065CD8B /* Supporting Files */ = {
			isa = PBXGroup;
			children = (
				2B1AC025185E81490065CD8B /* TSNetworkingTests-Info.plist */,
				2B1AC026185E81490065CD8B /* InfoPlist.strings */,
			);
			name = "Supporting Files";
			sourceTree = "<group>";
		};
		2B1AC033185E817F0065CD8B /* TSNetworking */ = {
			isa = PBXGroup;
			children = (
				2B5E19A5185EB3FB005294DC /* Base64.h */,
				2B5E19A6185EB3FB005294DC /* Base64.m */,
				2B1AC037185E83110065CD8B /* TSNetworking.h */,
				2B1AC038185E83110065CD8B /* TSNetworking.m */,
				2B58463A185FC4D100E1C028 /* NSError+Factory.h */,
				2B58463B185FC4D100E1C028 /* NSError+Factory.m */,
			);
			path = TSNetworking;
			sourceTree = "<group>";
		};
/* End PBXGroup section */

/* Begin PBXNativeTarget section */
		2B1AC000185E81490065CD8B /* TSNetworking */ = {
			isa = PBXNativeTarget;
			buildConfigurationList = 2B1AC02D185E81490065CD8B /* Build configuration list for PBXNativeTarget "TSNetworking" */;
			buildPhases = (
				CB3FEA0798B1472692B1865A /* Check Pods Manifest.lock */,
				2B1ABFFD185E81490065CD8B /* Sources */,
				2B1ABFFE185E81490065CD8B /* Frameworks */,
				2B1ABFFF185E81490065CD8B /* Resources */,
				2F29CD0F349B4134BA7556CF /* Copy Pods Resources */,
			);
			buildRules = (
			);
			dependencies = (
			);
			name = TSNetworking;
			productName = TSNetworking;
			productReference = 2B1AC001185E81490065CD8B /* TSNetworking.app */;
			productType = "com.apple.product-type.application";
		};
		2B1AC01B185E81490065CD8B /* TSNetworkingTests */ = {
			isa = PBXNativeTarget;
			buildConfigurationList = 2B1AC030185E81490065CD8B /* Build configuration list for PBXNativeTarget "TSNetworkingTests" */;
			buildPhases = (
				C3BE07DDD5FC4605AA864F09 /* Check Pods Manifest.lock */,
				2B1AC018185E81490065CD8B /* Sources */,
				2B1AC019185E81490065CD8B /* Frameworks */,
				2B1AC01A185E81490065CD8B /* Resources */,
				8068811455AC44DB8DF0B52D /* Copy Pods Resources */,
			);
			buildRules = (
			);
			dependencies = (
				2B1AC022185E81490065CD8B /* PBXTargetDependency */,
			);
			name = TSNetworkingTests;
			productName = TSNetworkingTests;
			productReference = 2B1AC01C185E81490065CD8B /* TSNetworkingTests.xctest */;
			productType = "com.apple.product-type.bundle.unit-test";
		};
/* End PBXNativeTarget section */

/* Begin PBXProject section */
		2B1ABFF9185E81490065CD8B /* Project object */ = {
			isa = PBXProject;
			attributes = {
				LastUpgradeCheck = 0510;
				ORGANIZATIONNAME = "Sawtell Software";
				TargetAttributes = {
					2B1AC000185E81490065CD8B = {
						SystemCapabilities = {
							com.apple.BackgroundModes = {
								enabled = 0;
							};
						};
					};
					2B1AC01B185E81490065CD8B = {
						TestTargetID = 2B1AC000185E81490065CD8B;
					};
				};
			};
			buildConfigurationList = 2B1ABFFC185E81490065CD8B /* Build configuration list for PBXProject "TSNetworking" */;
			compatibilityVersion = "Xcode 3.2";
			developmentRegion = English;
			hasScannedForEncodings = 0;
			knownRegions = (
				en,
			);
			mainGroup = 2B1ABFF8185E81490065CD8B;
			productRefGroup = 2B1AC002185E81490065CD8B /* Products */;
			projectDirPath = "";
			projectRoot = "";
			targets = (
				2B1AC000185E81490065CD8B /* TSNetworking */,
				2B1AC01B185E81490065CD8B /* TSNetworkingTests */,
			);
		};
/* End PBXProject section */

/* Begin PBXResourcesBuildPhase section */
		2B1ABFFF185E81490065CD8B /* Resources */ = {
			isa = PBXResourcesBuildPhase;
			buildActionMask = 2147483647;
			files = (
				2BA2A38B1863B62200C0964C /* Storyboard.storyboard in Resources */,
				2B1AC00F185E81490065CD8B /* InfoPlist.strings in Resources */,
				2B1AC017185E81490065CD8B /* Images.xcassets in Resources */,
			);
			runOnlyForDeploymentPostprocessing = 0;
		};
		2B1AC01A185E81490065CD8B /* Resources */ = {
			isa = PBXResourcesBuildPhase;
			buildActionMask = 2147483647;
			files = (
				2B1AC028185E81490065CD8B /* InfoPlist.strings in Resources */,
			);
			runOnlyForDeploymentPostprocessing = 0;
		};
/* End PBXResourcesBuildPhase section */

/* Begin PBXShellScriptBuildPhase section */
		2F29CD0F349B4134BA7556CF /* Copy Pods Resources */ = {
			isa = PBXShellScriptBuildPhase;
			buildActionMask = 2147483647;
			files = (
			);
			inputPaths = (
			);
			name = "Copy Pods Resources";
			outputPaths = (
			);
			runOnlyForDeploymentPostprocessing = 0;
			shellPath = /bin/sh;
			shellScript = "\"${SRCROOT}/Pods/Pods-resources.sh\"\n";
			showEnvVarsInLog = 0;
		};
		8068811455AC44DB8DF0B52D /* Copy Pods Resources */ = {
			isa = PBXShellScriptBuildPhase;
			buildActionMask = 2147483647;
			files = (
			);
			inputPaths = (
			);
			name = "Copy Pods Resources";
			outputPaths = (
			);
			runOnlyForDeploymentPostprocessing = 0;
			shellPath = /bin/sh;
			shellScript = "\"${SRCROOT}/Pods/Pods-resources.sh\"\n";
			showEnvVarsInLog = 0;
		};
		C3BE07DDD5FC4605AA864F09 /* Check Pods Manifest.lock */ = {
			isa = PBXShellScriptBuildPhase;
			buildActionMask = 2147483647;
			files = (
			);
			inputPaths = (
			);
			name = "Check Pods Manifest.lock";
			outputPaths = (
			);
			runOnlyForDeploymentPostprocessing = 0;
			shellPath = /bin/sh;
			shellScript = "diff \"${PODS_ROOT}/../Podfile.lock\" \"${PODS_ROOT}/Manifest.lock\" > /dev/null\nif [[ $? != 0 ]] ; then\n    cat << EOM\nerror: The sandbox is not in sync with the Podfile.lock. Run 'pod install' or update your CocoaPods installation.\nEOM\n    exit 1\nfi\n";
		};
		CB3FEA0798B1472692B1865A /* Check Pods Manifest.lock */ = {
			isa = PBXShellScriptBuildPhase;
			buildActionMask = 2147483647;
			files = (
			);
			inputPaths = (
			);
			name = "Check Pods Manifest.lock";
			outputPaths = (
			);
			runOnlyForDeploymentPostprocessing = 0;
			shellPath = /bin/sh;
			shellScript = "diff \"${PODS_ROOT}/../Podfile.lock\" \"${PODS_ROOT}/Manifest.lock\" > /dev/null\nif [[ $? != 0 ]] ; then\n    cat << EOM\nerror: The sandbox is not in sync with the Podfile.lock. Run 'pod install' or update your CocoaPods installation.\nEOM\n    exit 1\nfi\n";
		};
/* End PBXShellScriptBuildPhase section */

/* Begin PBXSourcesBuildPhase section */
		2B1ABFFD185E81490065CD8B /* Sources */ = {
			isa = PBXSourcesBuildPhase;
			buildActionMask = 2147483647;
			files = (
				2B58463C185FC4D100E1C028 /* NSError+Factory.m in Sources */,
				4B2BCFAB1894C91C0063D64D /* TSNetworking.m in Sources */,
				2B5E19A7185EB3FB005294DC /* Base64.m in Sources */,
				2BA2A38E1863B66A00C0964C /* ViewController.m in Sources */,
				2B1AC015185E81490065CD8B /* AppDelegate.m in Sources */,
				2B1AC011185E81490065CD8B /* main.m in Sources */,
			);
			runOnlyForDeploymentPostprocessing = 0;
		};
		2B1AC018185E81490065CD8B /* Sources */ = {
			isa = PBXSourcesBuildPhase;
			buildActionMask = 2147483647;
			files = (
				2B1AC02A185E81490065CD8B /* TSNetworkingTests.m in Sources */,
			);
			runOnlyForDeploymentPostprocessing = 0;
		};
/* End PBXSourcesBuildPhase section */

/* Begin PBXTargetDependency section */
		2B1AC022185E81490065CD8B /* PBXTargetDependency */ = {
			isa = PBXTargetDependency;
			target = 2B1AC000185E81490065CD8B /* TSNetworking */;
			targetProxy = 2B1AC021185E81490065CD8B /* PBXContainerItemProxy */;
		};
/* End PBXTargetDependency section */

/* Begin PBXVariantGroup section */
		2B1AC00D185E81490065CD8B /* InfoPlist.strings */ = {
			isa = PBXVariantGroup;
			children = (
				2B1AC00E185E81490065CD8B /* en */,
			);
			name = InfoPlist.strings;
			sourceTree = "<group>";
		};
		2B1AC026185E81490065CD8B /* InfoPlist.strings */ = {
			isa = PBXVariantGroup;
			children = (
				2B1AC027185E81490065CD8B /* en */,
			);
			name = InfoPlist.strings;
			sourceTree = "<group>";
		};
/* End PBXVariantGroup section */

/* Begin XCBuildConfiguration section */
		2B1AC02B185E81490065CD8B /* Debug */ = {
			isa = XCBuildConfiguration;
			buildSettings = {
				ALWAYS_SEARCH_USER_PATHS = NO;
				CLANG_CXX_LANGUAGE_STANDARD = "gnu++0x";
				CLANG_CXX_LIBRARY = "libc++";
				CLANG_ENABLE_MODULES = YES;
				CLANG_ENABLE_OBJC_ARC = YES;
				CLANG_WARN_BOOL_CONVERSION = YES;
				CLANG_WARN_CONSTANT_CONVERSION = YES;
				CLANG_WARN_DIRECT_OBJC_ISA_USAGE = YES_ERROR;
				CLANG_WARN_EMPTY_BODY = YES;
				CLANG_WARN_ENUM_CONVERSION = YES;
				CLANG_WARN_INT_CONVERSION = YES;
				CLANG_WARN_OBJC_ROOT_CLASS = YES_ERROR;
				CLANG_WARN__DUPLICATE_METHOD_MATCH = YES;
				"CODE_SIGN_IDENTITY[sdk=iphoneos*]" = "iPhone Developer";
				COPY_PHASE_STRIP = NO;
				GCC_C_LANGUAGE_STANDARD = gnu99;
				GCC_DYNAMIC_NO_PIC = NO;
				GCC_OPTIMIZATION_LEVEL = 0;
				GCC_PREPROCESSOR_DEFINITIONS = (
					"DEBUG=1",
					"$(inherited)",
				);
				GCC_SYMBOLS_PRIVATE_EXTERN = NO;
				GCC_WARN_64_TO_32_BIT_CONVERSION = YES;
				GCC_WARN_ABOUT_RETURN_TYPE = YES_ERROR;
				GCC_WARN_UNDECLARED_SELECTOR = YES;
				GCC_WARN_UNINITIALIZED_AUTOS = YES;
				GCC_WARN_UNUSED_FUNCTION = YES;
				GCC_WARN_UNUSED_VARIABLE = YES;
				IPHONEOS_DEPLOYMENT_TARGET = 7.0;
				ONLY_ACTIVE_ARCH = YES;
				SDKROOT = iphoneos;
			};
			name = Debug;
		};
		2B1AC02C185E81490065CD8B /* Release */ = {
			isa = XCBuildConfiguration;
			buildSettings = {
				ALWAYS_SEARCH_USER_PATHS = NO;
				CLANG_CXX_LANGUAGE_STANDARD = "gnu++0x";
				CLANG_CXX_LIBRARY = "libc++";
				CLANG_ENABLE_MODULES = YES;
				CLANG_ENABLE_OBJC_ARC = YES;
				CLANG_WARN_BOOL_CONVERSION = YES;
				CLANG_WARN_CONSTANT_CONVERSION = YES;
				CLANG_WARN_DIRECT_OBJC_ISA_USAGE = YES_ERROR;
				CLANG_WARN_EMPTY_BODY = YES;
				CLANG_WARN_ENUM_CONVERSION = YES;
				CLANG_WARN_INT_CONVERSION = YES;
				CLANG_WARN_OBJC_ROOT_CLASS = YES_ERROR;
				CLANG_WARN__DUPLICATE_METHOD_MATCH = YES;
				"CODE_SIGN_IDENTITY[sdk=iphoneos*]" = "iPhone Developer";
				COPY_PHASE_STRIP = YES;
				ENABLE_NS_ASSERTIONS = NO;
				GCC_C_LANGUAGE_STANDARD = gnu99;
				GCC_WARN_64_TO_32_BIT_CONVERSION = YES;
				GCC_WARN_ABOUT_RETURN_TYPE = YES_ERROR;
				GCC_WARN_UNDECLARED_SELECTOR = YES;
				GCC_WARN_UNINITIALIZED_AUTOS = YES;
				GCC_WARN_UNUSED_FUNCTION = YES;
				GCC_WARN_UNUSED_VARIABLE = YES;
				IPHONEOS_DEPLOYMENT_TARGET = 7.0;
				SDKROOT = iphoneos;
				VALIDATE_PRODUCT = YES;
			};
			name = Release;
		};
		2B1AC02E185E81490065CD8B /* Debug */ = {
			isa = XCBuildConfiguration;
			baseConfigurationReference = D040982A3ECC4623B3431AEE /* Pods.xcconfig */;
			buildSettings = {
				ASSETCATALOG_COMPILER_APPICON_NAME = AppIcon;
				ASSETCATALOG_COMPILER_LAUNCHIMAGE_NAME = LaunchImage;
				GCC_PRECOMPILE_PREFIX_HEADER = YES;
				GCC_PREFIX_HEADER = "TSNetworking/TSNetworking-Prefix.pch";
				INFOPLIST_FILE = "TSNetworking/TSNetworking-Info.plist";
				PRODUCT_NAME = "$(TARGET_NAME)";
				WRAPPER_EXTENSION = app;
			};
			name = Debug;
		};
		2B1AC02F185E81490065CD8B /* Release */ = {
			isa = XCBuildConfiguration;
			baseConfigurationReference = D040982A3ECC4623B3431AEE /* Pods.xcconfig */;
			buildSettings = {
				ASSETCATALOG_COMPILER_APPICON_NAME = AppIcon;
				ASSETCATALOG_COMPILER_LAUNCHIMAGE_NAME = LaunchImage;
				GCC_PRECOMPILE_PREFIX_HEADER = YES;
				GCC_PREFIX_HEADER = "TSNetworking/TSNetworking-Prefix.pch";
				INFOPLIST_FILE = "TSNetworking/TSNetworking-Info.plist";
				PRODUCT_NAME = "$(TARGET_NAME)";
				WRAPPER_EXTENSION = app;
			};
			name = Release;
		};
		2B1AC031185E81490065CD8B /* Debug */ = {
			isa = XCBuildConfiguration;
			baseConfigurationReference = D040982A3ECC4623B3431AEE /* Pods.xcconfig */;
			buildSettings = {
				BUNDLE_LOADER = "$(BUILT_PRODUCTS_DIR)/TSNetworking.app/TSNetworking";
				FRAMEWORK_SEARCH_PATHS = (
					"$(SDKROOT)/Developer/Library/Frameworks",
					"$(inherited)",
					"$(DEVELOPER_FRAMEWORKS_DIR)",
				);
				GCC_PRECOMPILE_PREFIX_HEADER = YES;
				GCC_PREFIX_HEADER = "TSNetworking/TSNetworking-Prefix.pch";
				GCC_PREPROCESSOR_DEFINITIONS = (
					"DEBUG=1",
					"$(inherited)",
				);
				INFOPLIST_FILE = "TSNetworkingTests/TSNetworkingTests-Info.plist";
				PRODUCT_NAME = "$(TARGET_NAME)";
				TEST_HOST = "$(BUNDLE_LOADER)";
				WRAPPER_EXTENSION = xctest;
			};
			name = Debug;
		};
		2B1AC032185E81490065CD8B /* Release */ = {
			isa = XCBuildConfiguration;
			baseConfigurationReference = D040982A3ECC4623B3431AEE /* Pods.xcconfig */;
			buildSettings = {
				BUNDLE_LOADER = "$(BUILT_PRODUCTS_DIR)/TSNetworking.app/TSNetworking";
				FRAMEWORK_SEARCH_PATHS = (
					"$(SDKROOT)/Developer/Library/Frameworks",
					"$(inherited)",
					"$(DEVELOPER_FRAMEWORKS_DIR)",
				);
				GCC_PRECOMPILE_PREFIX_HEADER = YES;
				GCC_PREFIX_HEADER = "TSNetworking/TSNetworking-Prefix.pch";
				INFOPLIST_FILE = "TSNetworkingTests/TSNetworkingTests-Info.plist";
				PRODUCT_NAME = "$(TARGET_NAME)";
				TEST_HOST = "$(BUNDLE_LOADER)";
				WRAPPER_EXTENSION = xctest;
			};
			name = Release;
		};
/* End XCBuildConfiguration section */

/* Begin XCConfigurationList section */
		2B1ABFFC185E81490065CD8B /* Build configuration list for PBXProject "TSNetworking" */ = {
			isa = XCConfigurationList;
			buildConfigurations = (
				2B1AC02B185E81490065CD8B /* Debug */,
				2B1AC02C185E81490065CD8B /* Release */,
			);
			defaultConfigurationIsVisible = 0;
			defaultConfigurationName = Release;
		};
		2B1AC02D185E81490065CD8B /* Build configuration list for PBXNativeTarget "TSNetworking" */ = {
			isa = XCConfigurationList;
			buildConfigurations = (
				2B1AC02E185E81490065CD8B /* Debug */,
				2B1AC02F185E81490065CD8B /* Release */,
			);
			defaultConfigurationIsVisible = 0;
			defaultConfigurationName = Release;
		};
		2B1AC030185E81490065CD8B /* Build configuration list for PBXNativeTarget "TSNetworkingTests" */ = {
			isa = XCConfigurationList;
			buildConfigurations = (
				2B1AC031185E81490065CD8B /* Debug */,
				2B1AC032185E81490065CD8B /* Release */,
			);
			defaultConfigurationIsVisible = 0;
			defaultConfigurationName = Release;
		};
/* End XCConfigurationList section */
	};
	rootObject = 2B1ABFF9185E81490065CD8B /* Project object */;
}
